
Microsoft Visual Studio Solution File, Format Version 12.00
# Visual Studio 15
VisualStudioVersion = 15.0.28307.329
MinimumVisualStudioVersion = 10.0.40219.1
Project("{FAE04EC0-301F-11D3-BF4B-00C04F79EFBC}") = "SignalRChat", "SignalRChat\SignalRChat.csproj", "{EBDBA2CE-DE20-4BD7-91A0-8B82AA3C6815}"
EndProject
Global
	GlobalSection(SolutionConfigurationPlatforms) = preSolution
		Debug|Any CPU = Debug|Any CPU
		Release|Any CPU = Release|Any CPU
	EndGlobalSection
	GlobalSection(ProjectConfigurationPlatforms) = postSolution
		{EBDBA2CE-DE20-4BD7-91A0-8B82AA3C6815}.Debug|Any CPU.ActiveCfg = Debug|Any CPU
		{EBDBA2CE-DE20-4BD7-91A0-8B82AA3C6815}.Debug|Any CPU.Build.0 = Debug|Any CPU
		{EBDBA2CE-DE20-4BD7-91A0-8B82AA3C6815}.Release|Any CPU.ActiveCfg = Release|Any CPU
		{EBDBA2CE-DE20-4BD7-91A0-8B82AA3C6815}.Release|Any CPU.Build.0 = Release|Any CPU
	EndGlobalSection
	GlobalSection(SolutionProperties) = preSolution
		HideSolutionNode = FALSE
	EndGlobalSection
	GlobalSection(ExtensibilityGlobals) = postSolution
		SolutionGuid = {DA5288A9-A145-45F3-B5BE-5D4AE28F316A}
	EndGlobalSection
EndGlobal
